
Microsoft Visual Studio Solution File, Format Version 12.00
# Visual Studio Version 16
VisualStudioVersion = 16.0.30503.244
MinimumVisualStudioVersion = 10.0.40219.1
Project("{9A19103F-16F7-4668-BE54-9A1E7A4F7556}") = "Simplebot", "Simplebot\Simplebot.csproj", "{9E21F338-3BDA-4B36-BC7B-C7B5E833E17F}"
EndProject
Global
	GlobalSection(SolutionConfigurationPlatforms) = preSolution
		Debug|Any CPU = Debug|Any CPU
		Release|Any CPU = Release|Any CPU
	EndGlobalSection
	GlobalSection(ProjectConfigurationPlatforms) = postSolution
		{9E21F338-3BDA-4B36-BC7B-C7B5E833E17F}.Debug|Any CPU.ActiveCfg = Debug|Any CPU
		{9E21F338-3BDA-4B36-BC7B-C7B5E833E17F}.Debug|Any CPU.Build.0 = Debug|Any CPU
		{9E21F338-3BDA-4B36-BC7B-C7B5E833E17F}.Release|Any CPU.ActiveCfg = Release|Any CPU
		{9E21F338-3BDA-4B36-BC7B-C7B5E833E17F}.Release|Any CPU.Build.0 = Release|Any CPU
	EndGlobalSection
	GlobalSection(SolutionProperties) = preSolution
		HideSolutionNode = FALSE
	EndGlobalSection
	GlobalSection(ExtensibilityGlobals) = postSolution
		SolutionGuid = {B3F072E1-6A7F-41BB-8CC4-4B13EFB205B6}
	EndGlobalSection
EndGlobal
